# This file is automatically @generated by Poetry and should not be changed by hand.

[[package]]
name = "mysql-connector"
version = "2.2.9"
description = "MySQL driver written in Python"
category = "main"
optional = false
python-versions = "*"
files = [
    {file = "mysql-connector-2.2.9.tar.gz", hash = "sha256:1733e6ce52a049243de3264f1fbc22a852cb35458c4ad739ba88189285efdf32"},
]

[metadata]
lock-version = "2.0"
python-versions = "^3.9"
content-hash = "2417e3d8a90303ca0b675774b771a105613acc49a3893a554e8bad99519fdab4"
